// !$*UTF8*$!
{
	archiveVersion = 1;
	classes = {
	};
	objectVersion = 55;
	objects = {

/* Begin PBXBuildFile section */
		339481BF2786B4EC006CA1A8 /* AppDelegate.swift in Sources */ = {isa = PBXBuildFile; fileRef = 339481BE2786B4EC006CA1A8 /* AppDelegate.swift */; };
		339481C12786B4EC006CA1A8 /* SceneDelegate.swift in Sources */ = {isa = PBXBuildFile; fileRef = 339481C02786B4EC006CA1A8 /* SceneDelegate.swift */; };
		339481C32786B4EC006CA1A8 /* ViewController.swift in Sources */ = {isa = PBXBuildFile; fileRef = 339481C22786B4EC006CA1A8 /* ViewController.swift */; };
		339481C62786B4EC006CA1A8 /* Main.storyboard in Resources */ = {isa = PBXBuildFile; fileRef = 339481C42786B4EC006CA1A8 /* Main.storyboard */; };
		339481C92786B4EC006CA1A8 /* GithubDeneme.xcdatamodeld in Sources */ = {isa = PBXBuildFile; fileRef = 339481C72786B4EC006CA1A8 /* GithubDeneme.xcdatamodeld */; };
		339481CB2786B4EF006CA1A8 /* Assets.xcassets in Resources */ = {isa = PBXBuildFile; fileRef = 339481CA2786B4EF006CA1A8 /* Assets.xcassets */; };
		339481CE2786B4EF006CA1A8 /* LaunchScreen.storyboard in Resources */ = {isa = PBXBuildFile; fileRef = 339481CC2786B4EF006CA1A8 /* LaunchScreen.storyboard */; };
		339481D92786B4EF006CA1A8 /* GithubDenemeTests.swift in Sources */ = {isa = PBXBuildFile; fileRef = 339481D82786B4EF006CA1A8 /* GithubDenemeTests.swift */; };
		339481E32786B4EF006CA1A8 /* GithubDenemeUITests.swift in Sources */ = {isa = PBXBuildFile; fileRef = 339481E22786B4EF006CA1A8 /* GithubDenemeUITests.swift */; };
		339481E52786B4EF006CA1A8 /* GithubDenemeUITestsLaunchTests.swift in Sources */ = {isa = PBXBuildFile; fileRef = 339481E42786B4EF006CA1A8 /* GithubDenemeUITestsLaunchTests.swift */; };
/* End PBXBuildFile section */

/* Begin PBXContainerItemProxy section */
		339481D52786B4EF006CA1A8 /* PBXContainerItemProxy */ = {
			isa = PBXContainerItemProxy;
			containerPortal = 339481B32786B4EC006CA1A8 /* Project object */;
			proxyType = 1;
			remoteGlobalIDString = 339481BA2786B4EC006CA1A8;
			remoteInfo = GithubDeneme;
		};
		339481DF2786B4EF006CA1A8 /* PBXContainerItemProxy */ = {
			isa = PBXContainerItemProxy;
			containerPortal = 339481B32786B4EC006CA1A8 /* Project object */;
			proxyType = 1;
			remoteGlobalIDString = 339481BA2786B4EC006CA1A8;
			remoteInfo = GithubDeneme;
		};
/* End PBXContainerItemProxy section */

/* Begin PBXFileReference section */
		339481BB2786B4EC006CA1A8 /* GithubDeneme.app */ = {isa = PBXFileReference; explicitFileType = wrapper.application; includeInIndex = 0; path = GithubDeneme.app; sourceTree = BUILT_PRODUCTS_DIR; };
		339481BE2786B4EC006CA1A8 /* AppDelegate.swift */ = {isa = PBXFileReference; lastKnownFileType = sourcecode.swift; path = AppDelegate.swift; sourceTree = "<group>"; };
		339481C02786B4EC006CA1A8 /* SceneDelegate.swift */ = {isa = PBXFileReference; lastKnownFileType = sourcecode.swift; path = SceneDelegate.swift; sourceTree = "<group>"; };
		339481C22786B4EC006CA1A8 /* ViewController.swift */ = {isa = PBXFileReference; lastKnownFileType = sourcecode.swift; path = ViewController.swift; sourceTree = "<group>"; };
		339481C52786B4EC006CA1A8 /* Base */ = {isa = PBXFileReference; lastKnownFileType = file.storyboard; name = Base; path = Base.lproj/Main.storyboard; sourceTree = "<group>"; };
		339481C82786B4EC006CA1A8 /* GithubDeneme.xcdatamodel */ = {isa = PBXFileReference; lastKnownFileType = wrapper.xcdatamodel; path = GithubDeneme.xcdatamodel; sourceTree = "<group>"; };
		339481CA2786B4EF006CA1A8 /* Assets.xcassets */ = {isa = PBXFileReference; lastKnownFileType = folder.assetcatalog; path = Assets.xcassets; sourceTree = "<group>"; };
		339481CD2786B4EF006CA1A8 /* Base */ = {isa = PBXFileReference; lastKnownFileType = file.storyboard; name = Base; path = Base.lproj/LaunchScreen.storyboard; sourceTree = "<group>"; };
		339481CF2786B4EF006CA1A8 /* Info.plist */ = {isa = PBXFileReference; lastKnownFileType = text.plist.xml; path = Info.plist; sourceTree = "<group>"; };
		339481D42786B4EF006CA1A8 /* GithubDenemeTests.xctest */ = {isa = PBXFileReference; explicitFileType = wrapper.cfbundle; includeInIndex = 0; path = GithubDenemeTests.xctest; sourceTree = BUILT_PRODUCTS_DIR; };
		339481D82786B4EF006CA1A8 /* GithubDenemeTests.swift */ = {isa = PBXFileReference; lastKnownFileType = sourcecode.swift; path = GithubDenemeTests.swift; sourceTree = "<group>"; };
		339481DE2786B4EF006CA1A8 /* GithubDenemeUITests.xctest */ = {isa = PBXFileReference; explicitFileType = wrapper.cfbundle; includeInIndex = 0; path = GithubDenemeUITests.xctest; sourceTree = BUILT_PRODUCTS_DIR; };
		339481E22786B4EF006CA1A8 /* GithubDenemeUITests.swift */ = {isa = PBXFileReference; lastKnownFileType = sourcecode.swift; path = GithubDenemeUITests.swift; sourceTree = "<group>"; };
		339481E42786B4EF006CA1A8 /* GithubDenemeUITestsLaunchTests.swift */ = {isa = PBXFileReference; lastKnownFileType = sourcecode.swift; path = GithubDenemeUITestsLaunchTests.swift; sourceTree = "<group>"; };
/* End PBXFileReference section */

/* Begin PBXFrameworksBuildPhase section */
		339481B82786B4EC006CA1A8 /* Frameworks */ = {
			isa = PBXFrameworksBuildPhase;
			buildActionMask = 2147483647;
			files = (
			);
			runOnlyForDeploymentPostprocessing = 0;
		};
		339481D12786B4EF006CA1A8 /* Frameworks */ = {
			isa = PBXFrameworksBuildPhase;
			buildActionMask = 2147483647;
			files = (
			);
			runOnlyForDeploymentPostprocessing = 0;
		};
		339481DB2786B4EF006CA1A8 /* Frameworks */ = {
			isa = PBXFrameworksBuildPhase;
			buildActionMask = 2147483647;
			files = (
			);
			runOnlyForDeploymentPostprocessing = 0;
		};
/* End PBXFrameworksBuildPhase section */

/* Begin PBXGroup section */
		339481B22786B4EC006CA1A8 = {
			isa = PBXGroup;
			children = (
				339481BD2786B4EC006CA1A8 /* GithubDeneme */,
				339481D72786B4EF006CA1A8 /* GithubDenemeTests */,
				339481E12786B4EF006CA1A8 /* GithubDenemeUITests */,
				339481BC2786B4EC006CA1A8 /* Products */,
			);
			sourceTree = "<group>";
		};
		339481BC2786B4EC006CA1A8 /* Products */ = {
			isa = PBXGroup;
			children = (
				339481BB2786B4EC006CA1A8 /* GithubDeneme.app */,
				339481D42786B4EF006CA1A8 /* GithubDenemeTests.xctest */,
				339481DE2786B4EF006CA1A8 /* GithubDenemeUITests.xctest */,
			);
			name = Products;
			sourceTree = "<group>";
		};
		339481BD2786B4EC006CA1A8 /* GithubDeneme */ = {
			isa = PBXGroup;
			children = (
				339481BE2786B4EC006CA1A8 /* AppDelegate.swift */,
				339481C02786B4EC006CA1A8 /* SceneDelegate.swift */,
				339481C22786B4EC006CA1A8 /* ViewController.swift */,
				339481C42786B4EC006CA1A8 /* Main.storyboard */,
				339481CA2786B4EF006CA1A8 /* Assets.xcassets */,
				339481CC2786B4EF006CA1A8 /* LaunchScreen.storyboard */,
				339481CF2786B4EF006CA1A8 /* Info.plist */,
				339481C72786B4EC006CA1A8 /* GithubDeneme.xcdatamodeld */,
			);
			path = GithubDeneme;
			sourceTree = "<group>";
		};
		339481D72786B4EF006CA1A8 /* GithubDenemeTests */ = {
			isa = PBXGroup;
			children = (
				339481D82786B4EF006CA1A8 /* GithubDenemeTests.swift */,
			);
			path = GithubDenemeTests;
			sourceTree = "<group>";
		};
		339481E12786B4EF006CA1A8 /* GithubDenemeUITests */ = {
			isa = PBXGroup;
			children = (
				339481E22786B4EF006CA1A8 /* GithubDenemeUITests.swift */,
				339481E42786B4EF006CA1A8 /* GithubDenemeUITestsLaunchTests.swift */,
			);
			path = GithubDenemeUITests;
			sourceTree = "<group>";
		};
/* End PBXGroup section */

/* Begin PBXNativeTarget section */
		339481BA2786B4EC006CA1A8 /* GithubDeneme */ = {
			isa = PBXNativeTarget;
			buildConfigurationList = 339481E82786B4EF006CA1A8 /* Build configuration list for PBXNativeTarget "GithubDeneme" */;
			buildPhases = (
				339481B72786B4EC006CA1A8 /* Sources */,
				339481B82786B4EC006CA1A8 /* Frameworks */,
				339481B92786B4EC006CA1A8 /* Resources */,
			);
			buildRules = (
			);
			dependencies = (
			);
			name = GithubDeneme;
			productName = GithubDeneme;
			productReference = 339481BB2786B4EC006CA1A8 /* GithubDeneme.app */;
			productType = "com.apple.product-type.application";
		};
		339481D32786B4EF006CA1A8 /* GithubDenemeTests */ = {
			isa = PBXNativeTarget;
			buildConfigurationList = 339481EB2786B4EF006CA1A8 /* Build configuration list for PBXNativeTarget "GithubDenemeTests" */;
			buildPhases = (
				339481D02786B4EF006CA1A8 /* Sources */,
				339481D12786B4EF006CA1A8 /* Frameworks */,
				339481D22786B4EF006CA1A8 /* Resources */,
			);
			buildRules = (
			);
			dependencies = (
				339481D62786B4EF006CA1A8 /* PBXTargetDependency */,
			);
			name = GithubDenemeTests;
			productName = GithubDenemeTests;
			productReference = 339481D42786B4EF006CA1A8 /* GithubDenemeTests.xctest */;
			productType = "com.apple.product-type.bundle.unit-test";
		};
		339481DD2786B4EF006CA1A8 /* GithubDenemeUITests */ = {
			isa = PBXNativeTarget;
			buildConfigurationList = 339481EE2786B4EF006CA1A8 /* Build configuration list for PBXNativeTarget "GithubDenemeUITests" */;
			buildPhases = (
				339481DA2786B4EF006CA1A8 /* Sources */,
				339481DB2786B4EF006CA1A8 /* Frameworks */,
				339481DC2786B4EF006CA1A8 /* Resources */,
			);
			buildRules = (
			);
			dependencies = (
				339481E02786B4EF006CA1A8 /* PBXTargetDependency */,
			);
			name = GithubDenemeUITests;
			productName = GithubDenemeUITests;
			productReference = 339481DE2786B4EF006CA1A8 /* GithubDenemeUITests.xctest */;
			productType = "com.apple.product-type.bundle.ui-testing";
		};
/* End PBXNativeTarget section */

/* Begin PBXProject section */
		339481B32786B4EC006CA1A8 /* Project object */ = {
			isa = PBXProject;
			attributes = {
				BuildIndependentTargetsInParallel = 1;
				LastSwiftUpdateCheck = 1300;
				LastUpgradeCheck = 1300;
				TargetAttributes = {
					339481BA2786B4EC006CA1A8 = {
						CreatedOnToolsVersion = 13.0;
					};
					339481D32786B4EF006CA1A8 = {
						CreatedOnToolsVersion = 13.0;
						TestTargetID = 339481BA2786B4EC006CA1A8;
					};
					339481DD2786B4EF006CA1A8 = {
						CreatedOnToolsVersion = 13.0;
						TestTargetID = 339481BA2786B4EC006CA1A8;
					};
				};
			};
			buildConfigurationList = 339481B62786B4EC006CA1A8 /* Build configuration list for PBXProject "GithubDeneme" */;
			compatibilityVersion = "Xcode 13.0";
			developmentRegion = en;
			hasScannedForEncodings = 0;
			knownRegions = (
				en,
				Base,
			);
			mainGroup = 339481B22786B4EC006CA1A8;
			productRefGroup = 339481BC2786B4EC006CA1A8 /* Products */;
			projectDirPath = "";
			projectRoot = "";
			targets = (
				339481BA2786B4EC006CA1A8 /* GithubDeneme */,
				339481D32786B4EF006CA1A8 /* GithubDenemeTests */,
				339481DD2786B4EF006CA1A8 /* GithubDenemeUITests */,
			);
		};
/* End PBXProject section */

/* Begin PBXResourcesBuildPhase section */
		339481B92786B4EC006CA1A8 /* Resources */ = {
			isa = PBXResourcesBuildPhase;
			buildActionMask = 2147483647;
			files = (
				339481CE2786B4EF006CA1A8 /* LaunchScreen.storyboard in Resources */,
				339481CB2786B4EF006CA1A8 /* Assets.xcassets in Resources */,
				339481C62786B4EC006CA1A8 /* Main.storyboard in Resources */,
			);
			runOnlyForDeploymentPostprocessing = 0;
		};
		339481D22786B4EF006CA1A8 /* Resources */ = {
			isa = PBXResourcesBuildPhase;
			buildActionMask = 2147483647;
			files = (
			);
			runOnlyForDeploymentPostprocessing = 0;
		};
		339481DC2786B4EF006CA1A8 /* Resources */ = {
			isa = PBXResourcesBuildPhase;
			buildActionMask = 2147483647;
			files = (
			);
			runOnlyForDeploymentPostprocessing = 0;
		};
/* End PBXResourcesBuildPhase section */

/* Begin PBXSourcesBuildPhase section */
		339481B72786B4EC006CA1A8 /* Sources */ = {
			isa = PBXSourcesBuildPhase;
			buildActionMask = 2147483647;
			files = (
				339481C32786B4EC006CA1A8 /* ViewController.swift in Sources */,
				339481BF2786B4EC006CA1A8 /* AppDelegate.swift in Sources */,
				339481C92786B4EC006CA1A8 /* GithubDeneme.xcdatamodeld in Sources */,
				339481C12786B4EC006CA1A8 /* SceneDelegate.swift in Sources */,
			);
			runOnlyForDeploymentPostprocessing = 0;
		};
		339481D02786B4EF006CA1A8 /* Sources */ = {
			isa = PBXSourcesBuildPhase;
			buildActionMask = 2147483647;
			files = (
				339481D92786B4EF006CA1A8 /* GithubDenemeTests.swift in Sources */,
			);
			runOnlyForDeploymentPostprocessing = 0;
		};
		339481DA2786B4EF006CA1A8 /* Sources */ = {
			isa = PBXSourcesBuildPhase;
			buildActionMask = 2147483647;
			files = (
				339481E32786B4EF006CA1A8 /* GithubDenemeUITests.swift in Sources */,
				339481E52786B4EF006CA1A8 /* GithubDenemeUITestsLaunchTests.swift in Sources */,
			);
			runOnlyForDeploymentPostprocessing = 0;
		};
/* End PBXSourcesBuildPhase section */

/* Begin PBXTargetDependency section */
		339481D62786B4EF006CA1A8 /* PBXTargetDependency */ = {
			isa = PBXTargetDependency;
			target = 339481BA2786B4EC006CA1A8 /* GithubDeneme */;
			targetProxy = 339481D52786B4EF006CA1A8 /* PBXContainerItemProxy */;
		};
		339481E02786B4EF006CA1A8 /* PBXTargetDependency */ = {
			isa = PBXTargetDependency;
			target = 339481BA2786B4EC006CA1A8 /* GithubDeneme */;
			targetProxy = 339481DF2786B4EF006CA1A8 /* PBXContainerItemProxy */;
		};
/* End PBXTargetDependency section */

/* Begin PBXVariantGroup section */
		339481C42786B4EC006CA1A8 /* Main.storyboard */ = {
			isa = PBXVariantGroup;
			children = (
				339481C52786B4EC006CA1A8 /* Base */,
			);
			name = Main.storyboard;
			sourceTree = "<group>";
		};
		339481CC2786B4EF006CA1A8 /* LaunchScreen.storyboard */ = {
			isa = PBXVariantGroup;
			children = (
				339481CD2786B4EF006CA1A8 /* Base */,
			);
			name = LaunchScreen.storyboard;
			sourceTree = "<group>";
		};
/* End PBXVariantGroup section */

/* Begin XCBuildConfiguration section */
		339481E62786B4EF006CA1A8 /* Debug */ = {
			isa = XCBuildConfiguration;
			buildSettings = {
				ALWAYS_SEARCH_USER_PATHS = NO;
				CLANG_ANALYZER_NONNULL = YES;
				CLANG_ANALYZER_NUMBER_OBJECT_CONVERSION = YES_AGGRESSIVE;
				CLANG_CXX_LANGUAGE_STANDARD = "gnu++17";
				CLANG_CXX_LIBRARY = "libc++";
				CLANG_ENABLE_MODULES = YES;
				CLANG_ENABLE_OBJC_ARC = YES;
				CLANG_ENABLE_OBJC_WEAK = YES;
				CLANG_WARN_BLOCK_CAPTURE_AUTORELEASING = YES;
				CLANG_WARN_BOOL_CONVERSION = YES;
				CLANG_WARN_COMMA = YES;
				CLANG_WARN_CONSTANT_CONVERSION = YES;
				CLANG_WARN_DEPRECATED_OBJC_IMPLEMENTATIONS = YES;
				CLANG_WARN_DIRECT_OBJC_ISA_USAGE = YES_ERROR;
				CLANG_WARN_DOCUMENTATION_COMMENTS = YES;
				CLANG_WARN_EMPTY_BODY = YES;
				CLANG_WARN_ENUM_CONVERSION = YES;
				CLANG_WARN_INFINITE_RECURSION = YES;
				CLANG_WARN_INT_CONVERSION = YES;
				CLANG_WARN_NON_LITERAL_NULL_CONVERSION = YES;
				CLANG_WARN_OBJC_IMPLICIT_RETAIN_SELF = YES;
				CLANG_WARN_OBJC_LITERAL_CONVERSION = YES;
				CLANG_WARN_OBJC_ROOT_CLASS = YES_ERROR;
				CLANG_WARN_QUOTED_INCLUDE_IN_FRAMEWORK_HEADER = YES;
				CLANG_WARN_RANGE_LOOP_ANALYSIS = YES;
				CLANG_WARN_STRICT_PROTOTYPES = YES;
				CLANG_WARN_SUSPICIOUS_MOVE = YES;
				CLANG_WARN_UNGUARDED_AVAILABILITY = YES_AGGRESSIVE;
				CLANG_WARN_UNREACHABLE_CODE = YES;
				CLANG_WARN__DUPLICATE_METHOD_MATCH = YES;
				COPY_PHASE_STRIP = NO;
				DEBUG_INFORMATION_FORMAT = dwarf;
				ENABLE_STRICT_OBJC_MSGSEND = YES;
				ENABLE_TESTABILITY = YES;
				GCC_C_LANGUAGE_STANDARD = gnu11;
				GCC_DYNAMIC_NO_PIC = NO;
				GCC_NO_COMMON_BLOCKS = YES;
				GCC_OPTIMIZATION_LEVEL = 0;
				GCC_PREPROCESSOR_DEFINITIONS = (
					"DEBUG=1",
					"$(inherited)",
				);
				GCC_WARN_64_TO_32_BIT_CONVERSION = YES;
				GCC_WARN_ABOUT_RETURN_TYPE = YES_ERROR;
				GCC_WARN_UNDECLARED_SELECTOR = YES;
				GCC_WARN_UNINITIALIZED_AUTOS = YES_AGGRESSIVE;
				GCC_WARN_UNUSED_FUNCTION = YES;
				GCC_WARN_UNUSED_VARIABLE = YES;
				IPHONEOS_DEPLOYMENT_TARGET = 15.0;
				MTL_ENABLE_DEBUG_INFO = INCLUDE_SOURCE;
				MTL_FAST_MATH = YES;
				ONLY_ACTIVE_ARCH = YES;
				SDKROOT = iphoneos;
				SWIFT_ACTIVE_COMPILATION_CONDITIONS = DEBUG;
				SWIFT_OPTIMIZATION_LEVEL = "-Onone";
			};
			name = Debug;
		};
		339481E72786B4EF006CA1A8 /* Release */ = {
			isa = XCBuildConfiguration;
			buildSettings = {
				ALWAYS_SEARCH_USER_PATHS = NO;
				CLANG_ANALYZER_NONNULL = YES;
				CLANG_ANALYZER_NUMBER_OBJECT_CONVERSION = YES_AGGRESSIVE;
				CLANG_CXX_LANGUAGE_STANDARD = "gnu++17";
				CLANG_CXX_LIBRARY = "libc++";
				CLANG_ENABLE_MODULES = YES;
				CLANG_ENABLE_OBJC_ARC = YES;
				CLANG_ENABLE_OBJC_WEAK = YES;
				CLANG_WARN_BLOCK_CAPTURE_AUTORELEASING = YES;
				CLANG_WARN_BOOL_CONVERSION = YES;
				CLANG_WARN_COMMA = YES;
				CLANG_WARN_CONSTANT_CONVERSION = YES;
				CLANG_WARN_DEPRECATED_OBJC_IMPLEMENTATIONS = YES;
				CLANG_WARN_DIRECT_OBJC_ISA_USAGE = YES_ERROR;
				CLANG_WARN_DOCUMENTATION_COMMENTS = YES;
				CLANG_WARN_EMPTY_BODY = YES;
				CLANG_WARN_ENUM_CONVERSION = YES;
				CLANG_WARN_INFINITE_RECURSION = YES;
				CLANG_WARN_INT_CONVERSION = YES;
				CLANG_WARN_NON_LITERAL_NULL_CONVERSION = YES;
				CLANG_WARN_OBJC_IMPLICIT_RETAIN_SELF = YES;
				CLANG_WARN_OBJC_LITERAL_CONVERSION = YES;
				CLANG_WARN_OBJC_ROOT_CLASS = YES_ERROR;
				CLANG_WARN_QUOTED_INCLUDE_IN_FRAMEWORK_HEADER = YES;
				CLANG_WARN_RANGE_LOOP_ANALYSIS = YES;
				CLANG_WARN_STRICT_PROTOTYPES = YES;
				CLANG_WARN_SUSPICIOUS_MOVE = YES;
				CLANG_WARN_UNGUARDED_AVAILABILITY = YES_AGGRESSIVE;
				CLANG_WARN_UNREACHABLE_CODE = YES;
				CLANG_WARN__DUPLICATE_METHOD_MATCH = YES;
				COPY_PHASE_STRIP = NO;
				DEBUG_INFORMATION_FORMAT = "dwarf-with-dsym";
				ENABLE_NS_ASSERTIONS = NO;
				ENABLE_STRICT_OBJC_MSGSEND = YES;
				GCC_C_LANGUAGE_STANDARD = gnu11;
				GCC_NO_COMMON_BLOCKS = YES;
				GCC_WARN_64_TO_32_BIT_CONVERSION = YES;
				GCC_WARN_ABOUT_RETURN_TYPE = YES_ERROR;
				GCC_WARN_UNDECLARED_SELECTOR = YES;
				GCC_WARN_UNINITIALIZED_AUTOS = YES_AGGRESSIVE;
				GCC_WARN_UNUSED_FUNCTION = YES;
				GCC_WARN_UNUSED_VARIABLE = YES;
				IPHONEOS_DEPLOYMENT_TARGET = 15.0;
				MTL_ENABLE_DEBUG_INFO = NO;
				MTL_FAST_MATH = YES;
				SDKROOT = iphoneos;
				SWIFT_COMPILATION_MODE = wholemodule;
				SWIFT_OPTIMIZATION_LEVEL = "-O";
				VALIDATE_PRODUCT = YES;
			};
			name = Release;
		};
		339481E92786B4EF006CA1A8 /* Debug */ = {
			isa = XCBuildConfiguration;
			buildSettings = {
				ASSETCATALOG_COMPILER_APPICON_NAME = AppIcon;
				ASSETCATALOG_COMPILER_GLOBAL_ACCENT_COLOR_NAME = AccentColor;
				CODE_SIGN_STYLE = Automatic;
				CURRENT_PROJECT_VERSION = 1;
				DEVELOPMENT_TEAM = 99TG5G5Z29;
				GENERATE_INFOPLIST_FILE = YES;
				INFOPLIST_FILE = GithubDeneme/Info.plist;
				INFOPLIST_KEY_UIApplicationSupportsIndirectInputEvents = YES;
				INFOPLIST_KEY_UILaunchStoryboardName = LaunchScreen;
				INFOPLIST_KEY_UIMainStoryboardFile = Main;
				INFOPLIST_KEY_UISupportedInterfaceOrientations_iPad = "UIInterfaceOrientationPortrait UIInterfaceOrientationPortraitUpsideDown UIInterfaceOrientationLandscapeLeft UIInterfaceOrientationLandscapeRight";
				INFOPLIST_KEY_UISupportedInterfaceOrientations_iPhone = "UIInterfaceOrientationPortrait UIInterfaceOrientationLandscapeLeft UIInterfaceOrientationLandscapeRight";
				LD_RUNPATH_SEARCH_PATHS = (
					"$(inherited)",
					"@executable_path/Frameworks",
				);
				MARKETING_VERSION = 1.0;
				PRODUCT_BUNDLE_IDENTIFIER = erknkzgn.GithubDeneme;
				PRODUCT_NAME = "$(TARGET_NAME)";
				SWIFT_EMIT_LOC_STRINGS = YES;
				SWIFT_VERSION = 5.0;
				TARGETED_DEVICE_FAMILY = "1,2";
			};
			name = Debug;
		};
		339481EA2786B4EF006CA1A8 /* Release */ = {
			isa = XCBuildConfiguration;
			buildSettings = {
				ASSETCATALOG_COMPILER_APPICON_NAME = AppIcon;
				ASSETCATALOG_COMPILER_GLOBAL_ACCENT_COLOR_NAME = AccentColor;
				CODE_SIGN_STYLE = Automatic;
				CURRENT_PROJECT_VERSION = 1;
				DEVELOPMENT_TEAM = 99TG5G5Z29;
				GENERATE_INFOPLIST_FILE = YES;
				INFOPLIST_FILE = GithubDeneme/Info.plist;
				INFOPLIST_KEY_UIApplicationSupportsIndirectInputEvents = YES;
				INFOPLIST_KEY_UILaunchStoryboardName = LaunchScreen;
				INFOPLIST_KEY_UIMainStoryboardFile = Main;
				INFOPLIST_KEY_UISupportedInterfaceOrientations_iPad = "UIInterfaceOrientationPortrait UIInterfaceOrientationPortraitUpsideDown UIInterfaceOrientationLandscapeLeft UIInterfaceOrientationLandscapeRight";
				INFOPLIST_KEY_UISupportedInterfaceOrientations_iPhone = "UIInterfaceOrientationPortrait UIInterfaceOrientationLandscapeLeft UIInterfaceOrientationLandscapeRight";
				LD_RUNPATH_SEARCH_PATHS = (
					"$(inherited)",
					"@executable_path/Frameworks",
				);
				MARKETING_VERSION = 1.0;
				PRODUCT_BUNDLE_IDENTIFIER = erknkzgn.GithubDeneme;
				PRODUCT_NAME = "$(TARGET_NAME)";
				SWIFT_EMIT_LOC_STRINGS = YES;
				SWIFT_VERSION = 5.0;
				TARGETED_DEVICE_FAMILY = "1,2";
			};
			name = Release;
		};
		339481EC2786B4EF006CA1A8 /* Debug */ = {
			isa = XCBuildConfiguration;
			buildSettings = {
				ALWAYS_EMBED_SWIFT_STANDARD_LIBRARIES = YES;
				BUNDLE_LOADER = "$(TEST_HOST)";
				CODE_SIGN_STYLE = Automatic;
				CURRENT_PROJECT_VERSION = 1;
				DEVELOPMENT_TEAM = 99TG5G5Z29;
				GENERATE_INFOPLIST_FILE = YES;
				IPHONEOS_DEPLOYMENT_TARGET = 15.0;
				LD_RUNPATH_SEARCH_PATHS = (
					"$(inherited)",
					"@executable_path/Frameworks",
					"@loader_path/Frameworks",
				);
				MARKETING_VERSION = 1.0;
				PRODUCT_BUNDLE_IDENTIFIER = erknkzgn.GithubDenemeTests;
				PRODUCT_NAME = "$(TARGET_NAME)";
				SWIFT_EMIT_LOC_STRINGS = NO;
				SWIFT_VERSION = 5.0;
				TARGETED_DEVICE_FAMILY = "1,2";
				TEST_HOST = "$(BUILT_PRODUCTS_DIR)/GithubDeneme.app/GithubDeneme";
			};
			name = Debug;
		};
		339481ED2786B4EF006CA1A8 /* Release */ = {
			isa = XCBuildConfiguration;
			buildSettings = {
				ALWAYS_EMBED_SWIFT_STANDARD_LIBRARIES = YES;
				BUNDLE_LOADER = "$(TEST_HOST)";
				CODE_SIGN_STYLE = Automatic;
				CURRENT_PROJECT_VERSION = 1;
				DEVELOPMENT_TEAM = 99TG5G5Z29;
				GENERATE_INFOPLIST_FILE = YES;
				IPHONEOS_DEPLOYMENT_TARGET = 15.0;
				LD_RUNPATH_SEARCH_PATHS = (
					"$(inherited)",
					"@executable_path/Frameworks",
					"@loader_path/Frameworks",
				);
				MARKETING_VERSION = 1.0;
				PRODUCT_BUNDLE_IDENTIFIER = erknkzgn.GithubDenemeTests;
				PRODUCT_NAME = "$(TARGET_NAME)";
				SWIFT_EMIT_LOC_STRINGS = NO;
				SWIFT_VERSION = 5.0;
				TARGETED_DEVICE_FAMILY = "1,2";
				TEST_HOST = "$(BUILT_PRODUCTS_DIR)/GithubDeneme.app/GithubDeneme";
			};
			name = Release;
		};
		339481EF2786B4EF006CA1A8 /* Debug */ = {
			isa = XCBuildConfiguration;
			buildSettings = {
				ALWAYS_EMBED_SWIFT_STANDARD_LIBRARIES = YES;
				CODE_SIGN_STYLE = Automatic;
				CURRENT_PROJECT_VERSION = 1;
				DEVELOPMENT_TEAM = 99TG5G5Z29;
				GENERATE_INFOPLIST_FILE = YES;
				LD_RUNPATH_SEARCH_PATHS = (
					"$(inherited)",
					"@executable_path/Frameworks",
					"@loader_path/Frameworks",
				);
				MARKETING_VERSION = 1.0;
				PRODUCT_BUNDLE_IDENTIFIER = erknkzgn.GithubDenemeUITests;
				PRODUCT_NAME = "$(TARGET_NAME)";
				SWIFT_EMIT_LOC_STRINGS = NO;
				SWIFT_VERSION = 5.0;
				TARGETED_DEVICE_FAMILY = "1,2";
				TEST_TARGET_NAME = GithubDeneme;
			};
			name = Debug;
		};
		339481F02786B4EF006CA1A8 /* Release */ = {
			isa = XCBuildConfiguration;
			buildSettings = {
				ALWAYS_EMBED_SWIFT_STANDARD_LIBRARIES = YES;
				CODE_SIGN_STYLE = Automatic;
				CURRENT_PROJECT_VERSION = 1;
				DEVELOPMENT_TEAM = 99TG5G5Z29;
				GENERATE_INFOPLIST_FILE = YES;
				LD_RUNPATH_SEARCH_PATHS = (
					"$(inherited)",
					"@executable_path/Frameworks",
					"@loader_path/Frameworks",
				);
				MARKETING_VERSION = 1.0;
				PRODUCT_BUNDLE_IDENTIFIER = erknkzgn.GithubDenemeUITests;
				PRODUCT_NAME = "$(TARGET_NAME)";
				SWIFT_EMIT_LOC_STRINGS = NO;
				SWIFT_VERSION = 5.0;
				TARGETED_DEVICE_FAMILY = "1,2";
				TEST_TARGET_NAME = GithubDeneme;
			};
			name = Release;
		};
/* End XCBuildConfiguration section */

/* Begin XCConfigurationList section */
		339481B62786B4EC006CA1A8 /* Build configuration list for PBXProject "GithubDeneme" */ = {
			isa = XCConfigurationList;
			buildConfigurations = (
				339481E62786B4EF006CA1A8 /* Debug */,
				339481E72786B4EF006CA1A8 /* Release */,
			);
			defaultConfigurationIsVisible = 0;
			defaultConfigurationName = Release;
		};
		339481E82786B4EF006CA1A8 /* Build configuration list for PBXNativeTarget "GithubDeneme" */ = {
			isa = XCConfigurationList;
			buildConfigurations = (
				339481E92786B4EF006CA1A8 /* Debug */,
				339481EA2786B4EF006CA1A8 /* Release */,
			);
			defaultConfigurationIsVisible = 0;
			defaultConfigurationName = Release;
		};
		339481EB2786B4EF006CA1A8 /* Build configuration list for PBXNativeTarget "GithubDenemeTests" */ = {
			isa = XCConfigurationList;
			buildConfigurations = (
				339481EC2786B4EF006CA1A8 /* Debug */,
				339481ED2786B4EF006CA1A8 /* Release */,
			);
			defaultConfigurationIsVisible = 0;
			defaultConfigurationName = Release;
		};
		339481EE2786B4EF006CA1A8 /* Build configuration list for PBXNativeTarget "GithubDenemeUITests" */ = {
			isa = XCConfigurationList;
			buildConfigurations = (
				339481EF2786B4EF006CA1A8 /* Debug */,
				339481F02786B4EF006CA1A8 /* Release */,
			);
			defaultConfigurationIsVisible = 0;
			defaultConfigurationName = Release;
		};
/* End XCConfigurationList section */

/* Begin XCVersionGroup section */
		339481C72786B4EC006CA1A8 /* GithubDeneme.xcdatamodeld */ = {
			isa = XCVersionGroup;
			children = (
				339481C82786B4EC006CA1A8 /* GithubDeneme.xcdatamodel */,
			);
			currentVersion = 339481C82786B4EC006CA1A8 /* GithubDeneme.xcdatamodel */;
			path = GithubDeneme.xcdatamodeld;
			sourceTree = "<group>";
			versionGroupType = wrapper.xcdatamodel;
		};
/* End XCVersionGroup section */
	};
	rootObject = 339481B32786B4EC006CA1A8 /* Project object */;
}
